
Microsoft Visual Studio Solution File, Format Version 10.00
# Visual Studio 2008
Project("{FAE04EC0-301F-11D3-BF4B-00C04F79EFBC}") = "WinMemory", "WinMemory\WinMemory.csproj", "{FD061BCF-B74B-4734-83F6-90675A6B73A0}"
EndProject
Global
	GlobalSection(SolutionConfigurationPlatforms) = preSolution
		Debug|Any CPU = Debug|Any CPU
		Release|Any CPU = Release|Any CPU
	EndGlobalSection
	GlobalSection(ProjectConfigurationPlatforms) = postSolution
		{FD061BCF-B74B-4734-83F6-90675A6B73A0}.Debug|Any CPU.ActiveCfg = Debug|Any CPU
		{FD061BCF-B74B-4734-83F6-90675A6B73A0}.Debug|Any CPU.Build.0 = Debug|Any CPU
		{FD061BCF-B74B-4734-83F6-90675A6B73A0}.Release|Any CPU.ActiveCfg = Release|Any CPU
		{FD061BCF-B74B-4734-83F6-90675A6B73A0}.Release|Any CPU.Build.0 = Release|Any CPU
	EndGlobalSection
	GlobalSection(SolutionProperties) = preSolution
		HideSolutionNode = FALSE
	EndGlobalSection
EndGlobal
